
Microsoft Visual Studio Solution File, Format Version 12.00
# Visual Studio Version 17
VisualStudioVersion = 17.1.32414.318
MinimumVisualStudioVersion = 10.0.40219.1
Project("{2150E333-8FDC-42A3-9474-1A3956D46DE8}") = "src", "src", "{7AF8F0EA-B93B-41C4-8DA8-7EB10D1899B4}"
EndProject
Project("{2150E333-8FDC-42A3-9474-1A3956D46DE8}") = "Services", "Services", "{5D634B61-AB65-497B-9268-DF45E8468782}"
EndProject
Project("{2150E333-8FDC-42A3-9474-1A3956D46DE8}") = "Identity", "Identity", "{46AC6D89-01DF-43A8-B202-E7408A0F134C}"
EndProject
Project("{9A19103F-16F7-4668-BE54-9A1E7A4F7556}") = "Identity.API", "src\Services\Identity\Identity.API\Identity.API.csproj", "{C1EAB817-612F-4F03-9946-375EB9A9C01B}"
EndProject
Project("{2150E333-8FDC-42A3-9474-1A3956D46DE8}") = "Catalog", "Catalog", "{748DEC9A-1076-414D-B8D9-8E0B9DE05863}"
EndProject
Project("{FAE04EC0-301F-11D3-BF4B-00C04F79EFBC}") = "Catalog.API", "src\Services\Catalog\Catalog.API\Catalog.API.csproj", "{69C1866E-BA7C-418F-B5CB-F1C5A6EF96EC}"
EndProject
Global
	GlobalSection(SolutionConfigurationPlatforms) = preSolution
		Debug|Any CPU = Debug|Any CPU
		Release|Any CPU = Release|Any CPU
	EndGlobalSection
	GlobalSection(ProjectConfigurationPlatforms) = postSolution
		{C1EAB817-612F-4F03-9946-375EB9A9C01B}.Debug|Any CPU.ActiveCfg = Debug|Any CPU
		{C1EAB817-612F-4F03-9946-375EB9A9C01B}.Debug|Any CPU.Build.0 = Debug|Any CPU
		{C1EAB817-612F-4F03-9946-375EB9A9C01B}.Release|Any CPU.ActiveCfg = Release|Any CPU
		{C1EAB817-612F-4F03-9946-375EB9A9C01B}.Release|Any CPU.Build.0 = Release|Any CPU
		{69C1866E-BA7C-418F-B5CB-F1C5A6EF96EC}.Debug|Any CPU.ActiveCfg = Debug|Any CPU
		{69C1866E-BA7C-418F-B5CB-F1C5A6EF96EC}.Debug|Any CPU.Build.0 = Debug|Any CPU
		{69C1866E-BA7C-418F-B5CB-F1C5A6EF96EC}.Release|Any CPU.ActiveCfg = Release|Any CPU
		{69C1866E-BA7C-418F-B5CB-F1C5A6EF96EC}.Release|Any CPU.Build.0 = Release|Any CPU
	EndGlobalSection
	GlobalSection(SolutionProperties) = preSolution
		HideSolutionNode = FALSE
	EndGlobalSection
	GlobalSection(NestedProjects) = preSolution
		{5D634B61-AB65-497B-9268-DF45E8468782} = {7AF8F0EA-B93B-41C4-8DA8-7EB10D1899B4}
		{46AC6D89-01DF-43A8-B202-E7408A0F134C} = {5D634B61-AB65-497B-9268-DF45E8468782}
		{C1EAB817-612F-4F03-9946-375EB9A9C01B} = {46AC6D89-01DF-43A8-B202-E7408A0F134C}
		{748DEC9A-1076-414D-B8D9-8E0B9DE05863} = {5D634B61-AB65-497B-9268-DF45E8468782}
		{69C1866E-BA7C-418F-B5CB-F1C5A6EF96EC} = {748DEC9A-1076-414D-B8D9-8E0B9DE05863}
	EndGlobalSection
	GlobalSection(ExtensibilityGlobals) = postSolution
		SolutionGuid = {55A0A427-E058-405F-BF72-ED00FFCD8E53}
	EndGlobalSection
EndGlobal
